// !$*UTF8*$!
{
	archiveVersion = 1;
	classes = {
	};
	objectVersion = 50;
	objects = {

/* Begin PBXBuildFile section */
		939F74742485C34500BBB708 /* AppDelegate.swift in Sources */ = {isa = PBXBuildFile; fileRef = 939F74732485C34500BBB708 /* AppDelegate.swift */; };
		939F74762485C34500BBB708 /* SceneDelegate.swift in Sources */ = {isa = PBXBuildFile; fileRef = 939F74752485C34500BBB708 /* SceneDelegate.swift */; };
		939F74782485C34500BBB708 /* ViewController.swift in Sources */ = {isa = PBXBuildFile; fileRef = 939F74772485C34500BBB708 /* ViewController.swift */; };
		939F747B2485C34500BBB708 /* Main.storyboard in Resources */ = {isa = PBXBuildFile; fileRef = 939F74792485C34500BBB708 /* Main.storyboard */; };
		939F747D2485C34800BBB708 /* Assets.xcassets in Resources */ = {isa = PBXBuildFile; fileRef = 939F747C2485C34800BBB708 /* Assets.xcassets */; };
		939F74802485C34800BBB708 /* LaunchScreen.storyboard in Resources */ = {isa = PBXBuildFile; fileRef = 939F747E2485C34800BBB708 /* LaunchScreen.storyboard */; };
		939F748B2485C50200BBB708 /* DogAPI.swift in Sources */ = {isa = PBXBuildFile; fileRef = 939F748A2485C50200BBB708 /* DogAPI.swift */; };
/* End PBXBuildFile section */

/* Begin PBXFileReference section */
		939F74702485C34500BBB708 /* Randog.app */ = {isa = PBXFileReference; explicitFileType = wrapper.application; includeInIndex = 0; path = Randog.app; sourceTree = BUILT_PRODUCTS_DIR; };
		939F74732485C34500BBB708 /* AppDelegate.swift */ = {isa = PBXFileReference; lastKnownFileType = sourcecode.swift; path = AppDelegate.swift; sourceTree = "<group>"; };
		939F74752485C34500BBB708 /* SceneDelegate.swift */ = {isa = PBXFileReference; lastKnownFileType = sourcecode.swift; path = SceneDelegate.swift; sourceTree = "<group>"; };
		939F74772485C34500BBB708 /* ViewController.swift */ = {isa = PBXFileReference; lastKnownFileType = sourcecode.swift; path = ViewController.swift; sourceTree = "<group>"; };
		939F747A2485C34500BBB708 /* Base */ = {isa = PBXFileReference; lastKnownFileType = file.storyboard; name = Base; path = Base.lproj/Main.storyboard; sourceTree = "<group>"; };
		939F747C2485C34800BBB708 /* Assets.xcassets */ = {isa = PBXFileReference; lastKnownFileType = folder.assetcatalog; path = Assets.xcassets; sourceTree = "<group>"; };
		939F747F2485C34800BBB708 /* Base */ = {isa = PBXFileReference; lastKnownFileType = file.storyboard; name = Base; path = Base.lproj/LaunchScreen.storyboard; sourceTree = "<group>"; };
		939F74812485C34800BBB708 /* Info.plist */ = {isa = PBXFileReference; lastKnownFileType = text.plist.xml; path = Info.plist; sourceTree = "<group>"; };
		939F748A2485C50200BBB708 /* DogAPI.swift */ = {isa = PBXFileReference; lastKnownFileType = sourcecode.swift; path = DogAPI.swift; sourceTree = "<group>"; };
/* End PBXFileReference section */

/* Begin PBXFrameworksBuildPhase section */
		939F746D2485C34500BBB708 /* Frameworks */ = {
			isa = PBXFrameworksBuildPhase;
			buildActionMask = 2147483647;
			files = (
			);
			runOnlyForDeploymentPostprocessing = 0;
		};
/* End PBXFrameworksBuildPhase section */

/* Begin PBXGroup section */
		939F74672485C34400BBB708 = {
			isa = PBXGroup;
			children = (
				939F74722485C34500BBB708 /* Randog */,
				939F74712485C34500BBB708 /* Products */,
			);
			sourceTree = "<group>";
		};
		939F74712485C34500BBB708 /* Products */ = {
			isa = PBXGroup;
			children = (
				939F74702485C34500BBB708 /* Randog.app */,
			);
			name = Products;
			sourceTree = "<group>";
		};
		939F74722485C34500BBB708 /* Randog */ = {
			isa = PBXGroup;
			children = (
				939F74892485C47300BBB708 /* Model */,
				939F74882485C39100BBB708 /* Controller */,
				939F74872485C36400BBB708 /* Views */,
				939F74812485C34800BBB708 /* Info.plist */,
			);
			path = Randog;
			sourceTree = "<group>";
		};
		939F74872485C36400BBB708 /* Views */ = {
			isa = PBXGroup;
			children = (
				939F74792485C34500BBB708 /* Main.storyboard */,
				939F747C2485C34800BBB708 /* Assets.xcassets */,
				939F747E2485C34800BBB708 /* LaunchScreen.storyboard */,
			);
			path = Views;
			sourceTree = "<group>";
		};
		939F74882485C39100BBB708 /* Controller */ = {
			isa = PBXGroup;
			children = (
				939F74732485C34500BBB708 /* AppDelegate.swift */,
				939F74752485C34500BBB708 /* SceneDelegate.swift */,
				939F74772485C34500BBB708 /* ViewController.swift */,
			);
			path = Controller;
			sourceTree = "<group>";
		};
		939F74892485C47300BBB708 /* Model */ = {
			isa = PBXGroup;
			children = (
				939F748A2485C50200BBB708 /* DogAPI.swift */,
			);
			path = Model;
			sourceTree = "<group>";
		};
/* End PBXGroup section */

/* Begin PBXNativeTarget section */
		939F746F2485C34500BBB708 /* Randog */ = {
			isa = PBXNativeTarget;
			buildConfigurationList = 939F74842485C34800BBB708 /* Build configuration list for PBXNativeTarget "Randog" */;
			buildPhases = (
				939F746C2485C34500BBB708 /* Sources */,
				939F746D2485C34500BBB708 /* Frameworks */,
				939F746E2485C34500BBB708 /* Resources */,
			);
			buildRules = (
			);
			dependencies = (
			);
			name = Randog;
			productName = Randog;
			productReference = 939F74702485C34500BBB708 /* Randog.app */;
			productType = "com.apple.product-type.application";
		};
/* End PBXNativeTarget section */

/* Begin PBXProject section */
		939F74682485C34400BBB708 /* Project object */ = {
			isa = PBXProject;
			attributes = {
				LastSwiftUpdateCheck = 1150;
				LastUpgradeCheck = 1150;
				ORGANIZATIONNAME = "James Consulting LLC";
				TargetAttributes = {
					939F746F2485C34500BBB708 = {
						CreatedOnToolsVersion = 11.5;
					};
				};
			};
			buildConfigurationList = 939F746B2485C34400BBB708 /* Build configuration list for PBXProject "Randog" */;
			compatibilityVersion = "Xcode 9.3";
			developmentRegion = en;
			hasScannedForEncodings = 0;
			knownRegions = (
				en,
				Base,
			);
			mainGroup = 939F74672485C34400BBB708;
			productRefGroup = 939F74712485C34500BBB708 /* Products */;
			projectDirPath = "";
			projectRoot = "";
			targets = (
				939F746F2485C34500BBB708 /* Randog */,
			);
		};
/* End PBXProject section */

/* Begin PBXResourcesBuildPhase section */
		939F746E2485C34500BBB708 /* Resources */ = {
			isa = PBXResourcesBuildPhase;
			buildActionMask = 2147483647;
			files = (
				939F74802485C34800BBB708 /* LaunchScreen.storyboard in Resources */,
				939F747D2485C34800BBB708 /* Assets.xcassets in Resources */,
				939F747B2485C34500BBB708 /* Main.storyboard in Resources */,
			);
			runOnlyForDeploymentPostprocessing = 0;
		};
/* End PBXResourcesBuildPhase section */

/* Begin PBXSourcesBuildPhase section */
		939F746C2485C34500BBB708 /* Sources */ = {
			isa = PBXSourcesBuildPhase;
			buildActionMask = 2147483647;
			files = (
				939F74782485C34500BBB708 /* ViewController.swift in Sources */,
				939F74742485C34500BBB708 /* AppDelegate.swift in Sources */,
				939F74762485C34500BBB708 /* SceneDelegate.swift in Sources */,
				939F748B2485C50200BBB708 /* DogAPI.swift in Sources */,
			);
			runOnlyForDeploymentPostprocessing = 0;
		};
/* End PBXSourcesBuildPhase section */

/* Begin PBXVariantGroup section */
		939F74792485C34500BBB708 /* Main.storyboard */ = {
			isa = PBXVariantGroup;
			children = (
				939F747A2485C34500BBB708 /* Base */,
			);
			name = Main.storyboard;
			sourceTree = "<group>";
		};
		939F747E2485C34800BBB708 /* LaunchScreen.storyboard */ = {
			isa = PBXVariantGroup;
			children = (
				939F747F2485C34800BBB708 /* Base */,
			);
			name = LaunchScreen.storyboard;
			sourceTree = "<group>";
		};
/* End PBXVariantGroup section */

/* Begin XCBuildConfiguration section */
		939F74822485C34800BBB708 /* Debug */ = {
			isa = XCBuildConfiguration;
			buildSettings = {
				ALWAYS_SEARCH_USER_PATHS = NO;
				CLANG_ANALYZER_NONNULL = YES;
				CLANG_ANALYZER_NUMBER_OBJECT_CONVERSION = YES_AGGRESSIVE;
				CLANG_CXX_LANGUAGE_STANDARD = "gnu++14";
				CLANG_CXX_LIBRARY = "libc++";
				CLANG_ENABLE_MODULES = YES;
				CLANG_ENABLE_OBJC_ARC = YES;
				CLANG_ENABLE_OBJC_WEAK = YES;
				CLANG_WARN_BLOCK_CAPTURE_AUTORELEASING = YES;
				CLANG_WARN_BOOL_CONVERSION = YES;
				CLANG_WARN_COMMA = YES;
				CLANG_WARN_CONSTANT_CONVERSION = YES;
				CLANG_WARN_DEPRECATED_OBJC_IMPLEMENTATIONS = YES;
				CLANG_WARN_DIRECT_OBJC_ISA_USAGE = YES_ERROR;
				CLANG_WARN_DOCUMENTATION_COMMENTS = YES;
				CLANG_WARN_EMPTY_BODY = YES;
				CLANG_WARN_ENUM_CONVERSION = YES;
				CLANG_WARN_INFINITE_RECURSION = YES;
				CLANG_WARN_INT_CONVERSION = YES;
				CLANG_WARN_NON_LITERAL_NULL_CONVERSION = YES;
				CLANG_WARN_OBJC_IMPLICIT_RETAIN_SELF = YES;
				CLANG_WARN_OBJC_LITERAL_CONVERSION = YES;
				CLANG_WARN_OBJC_ROOT_CLASS = YES_ERROR;
				CLANG_WARN_RANGE_LOOP_ANALYSIS = YES;
				CLANG_WARN_STRICT_PROTOTYPES = YES;
				CLANG_WARN_SUSPICIOUS_MOVE = YES;
				CLANG_WARN_UNGUARDED_AVAILABILITY = YES_AGGRESSIVE;
				CLANG_WARN_UNREACHABLE_CODE = YES;
				CLANG_WARN__DUPLICATE_METHOD_MATCH = YES;
				COPY_PHASE_STRIP = NO;
				DEBUG_INFORMATION_FORMAT = dwarf;
				ENABLE_STRICT_OBJC_MSGSEND = YES;
				ENABLE_TESTABILITY = YES;
				GCC_C_LANGUAGE_STANDARD = gnu11;
				GCC_DYNAMIC_NO_PIC = NO;
				GCC_NO_COMMON_BLOCKS = YES;
				GCC_OPTIMIZATION_LEVEL = 0;
				GCC_PREPROCESSOR_DEFINITIONS = (
					"DEBUG=1",
					"$(inherited)",
				);
				GCC_WARN_64_TO_32_BIT_CONVERSION = YES;
				GCC_WARN_ABOUT_RETURN_TYPE = YES_ERROR;
				GCC_WARN_UNDECLARED_SELECTOR = YES;
				GCC_WARN_UNINITIALIZED_AUTOS = YES_AGGRESSIVE;
				GCC_WARN_UNUSED_FUNCTION = YES;
				GCC_WARN_UNUSED_VARIABLE = YES;
				IPHONEOS_DEPLOYMENT_TARGET = 13.5;
				MTL_ENABLE_DEBUG_INFO = INCLUDE_SOURCE;
				MTL_FAST_MATH = YES;
				ONLY_ACTIVE_ARCH = YES;
				SDKROOT = iphoneos;
				SWIFT_ACTIVE_COMPILATION_CONDITIONS = DEBUG;
				SWIFT_OPTIMIZATION_LEVEL = "-Onone";
			};
			name = Debug;
		};
		939F74832485C34800BBB708 /* Release */ = {
			isa = XCBuildConfiguration;
			buildSettings = {
				ALWAYS_SEARCH_USER_PATHS = NO;
				CLANG_ANALYZER_NONNULL = YES;
				CLANG_ANALYZER_NUMBER_OBJECT_CONVERSION = YES_AGGRESSIVE;
				CLANG_CXX_LANGUAGE_STANDARD = "gnu++14";
				CLANG_CXX_LIBRARY = "libc++";
				CLANG_ENABLE_MODULES = YES;
				CLANG_ENABLE_OBJC_ARC = YES;
				CLANG_ENABLE_OBJC_WEAK = YES;
				CLANG_WARN_BLOCK_CAPTURE_AUTORELEASING = YES;
				CLANG_WARN_BOOL_CONVERSION = YES;
				CLANG_WARN_COMMA = YES;
				CLANG_WARN_CONSTANT_CONVERSION = YES;
				CLANG_WARN_DEPRECATED_OBJC_IMPLEMENTATIONS = YES;
				CLANG_WARN_DIRECT_OBJC_ISA_USAGE = YES_ERROR;
				CLANG_WARN_DOCUMENTATION_COMMENTS = YES;
				CLANG_WARN_EMPTY_BODY = YES;
				CLANG_WARN_ENUM_CONVERSION = YES;
				CLANG_WARN_INFINITE_RECURSION = YES;
				CLANG_WARN_INT_CONVERSION = YES;
				CLANG_WARN_NON_LITERAL_NULL_CONVERSION = YES;
				CLANG_WARN_OBJC_IMPLICIT_RETAIN_SELF = YES;
				CLANG_WARN_OBJC_LITERAL_CONVERSION = YES;
				CLANG_WARN_OBJC_ROOT_CLASS = YES_ERROR;
				CLANG_WARN_RANGE_LOOP_ANALYSIS = YES;
				CLANG_WARN_STRICT_PROTOTYPES = YES;
				CLANG_WARN_SUSPICIOUS_MOVE = YES;
				CLANG_WARN_UNGUARDED_AVAILABILITY = YES_AGGRESSIVE;
				CLANG_WARN_UNREACHABLE_CODE = YES;
				CLANG_WARN__DUPLICATE_METHOD_MATCH = YES;
				COPY_PHASE_STRIP = NO;
				DEBUG_INFORMATION_FORMAT = "dwarf-with-dsym";
				ENABLE_NS_ASSERTIONS = NO;
				ENABLE_STRICT_OBJC_MSGSEND = YES;
				GCC_C_LANGUAGE_STANDARD = gnu11;
				GCC_NO_COMMON_BLOCKS = YES;
				GCC_WARN_64_TO_32_BIT_CONVERSION = YES;
				GCC_WARN_ABOUT_RETURN_TYPE = YES_ERROR;
				GCC_WARN_UNDECLARED_SELECTOR = YES;
				GCC_WARN_UNINITIALIZED_AUTOS = YES_AGGRESSIVE;
				GCC_WARN_UNUSED_FUNCTION = YES;
				GCC_WARN_UNUSED_VARIABLE = YES;
				IPHONEOS_DEPLOYMENT_TARGET = 13.5;
				MTL_ENABLE_DEBUG_INFO = NO;
				MTL_FAST_MATH = YES;
				SDKROOT = iphoneos;
				SWIFT_COMPILATION_MODE = wholemodule;
				SWIFT_OPTIMIZATION_LEVEL = "-O";
				VALIDATE_PRODUCT = YES;
			};
			name = Release;
		};
		939F74852485C34800BBB708 /* Debug */ = {
			isa = XCBuildConfiguration;
			buildSettings = {
				ASSETCATALOG_COMPILER_APPICON_NAME = AppIcon;
				CODE_SIGN_STYLE = Automatic;
				INFOPLIST_FILE = Randog/Info.plist;
				LD_RUNPATH_SEARCH_PATHS = (
					"$(inherited)",
					"@executable_path/Frameworks",
				);
				PRODUCT_BUNDLE_IDENTIFIER = biz.jamesconsulting.Randog;
				PRODUCT_NAME = "$(TARGET_NAME)";
				SWIFT_VERSION = 5.0;
				TARGETED_DEVICE_FAMILY = "1,2";
			};
			name = Debug;
		};
		939F74862485C34800BBB708 /* Release */ = {
			isa = XCBuildConfiguration;
			buildSettings = {
				ASSETCATALOG_COMPILER_APPICON_NAME = AppIcon;
				CODE_SIGN_STYLE = Automatic;
				INFOPLIST_FILE = Randog/Info.plist;
				LD_RUNPATH_SEARCH_PATHS = (
					"$(inherited)",
					"@executable_path/Frameworks",
				);
				PRODUCT_BUNDLE_IDENTIFIER = biz.jamesconsulting.Randog;
				PRODUCT_NAME = "$(TARGET_NAME)";
				SWIFT_VERSION = 5.0;
				TARGETED_DEVICE_FAMILY = "1,2";
			};
			name = Release;
		};
/* End XCBuildConfiguration section */

/* Begin XCConfigurationList section */
		939F746B2485C34400BBB708 /* Build configuration list for PBXProject "Randog" */ = {
			isa = XCConfigurationList;
			buildConfigurations = (
				939F74822485C34800BBB708 /* Debug */,
				939F74832485C34800BBB708 /* Release */,
			);
			defaultConfigurationIsVisible = 0;
			defaultConfigurationName = Release;
		};
		939F74842485C34800BBB708 /* Build configuration list for PBXNativeTarget "Randog" */ = {
			isa = XCConfigurationList;
			buildConfigurations = (
				939F74852485C34800BBB708 /* Debug */,
				939F74862485C34800BBB708 /* Release */,
			);
			defaultConfigurationIsVisible = 0;
			defaultConfigurationName = Release;
		};
/* End XCConfigurationList section */
	};
	rootObject = 939F74682485C34400BBB708 /* Project object */;
}
